// !$*UTF8*$!
{
	archiveVersion = 1;
	classes = {
	};
	objectVersion = 52;
	objects = {

/* Begin PBXBuildFile section */
		6DE4A7E8269BAD9900D91FAD /* AmbientlyApp.swift in Sources */ = {isa = PBXBuildFile; fileRef = 6DE4A7E7269BAD9900D91FAD /* AmbientlyApp.swift */; };
		6DE4A7EA269BAD9900D91FAD /* ContentView.swift in Sources */ = {isa = PBXBuildFile; fileRef = 6DE4A7E9269BAD9900D91FAD /* ContentView.swift */; };
		6DE4A7EC269BAD9B00D91FAD /* Assets.xcassets in Resources */ = {isa = PBXBuildFile; fileRef = 6DE4A7EB269BAD9B00D91FAD /* Assets.xcassets */; };
		6DE4A7EF269BAD9B00D91FAD /* Preview Assets.xcassets in Resources */ = {isa = PBXBuildFile; fileRef = 6DE4A7EE269BAD9B00D91FAD /* Preview Assets.xcassets */; };
		6DE4A7F8269CDFC500D91FAD /* RowView.swift in Sources */ = {isa = PBXBuildFile; fileRef = 6DE4A7F7269CDFC500D91FAD /* RowView.swift */; };
		6DE4A7FB269CE00800D91FAD /* RowItemHelper.swift in Sources */ = {isa = PBXBuildFile; fileRef = 6DE4A7FA269CE00800D91FAD /* RowItemHelper.swift */; };
		6DE4A7FE269CE06400D91FAD /* URLImageStore in Frameworks */ = {isa = PBXBuildFile; productRef = 6DE4A7FD269CE06400D91FAD /* URLImageStore */; };
		6DE4A800269CE06400D91FAD /* URLImage in Frameworks */ = {isa = PBXBuildFile; productRef = 6DE4A7FF269CE06400D91FAD /* URLImage */; };
		6DE4A802269CE67C00D91FAD /* AccountSettingsView.swift in Sources */ = {isa = PBXBuildFile; fileRef = 6DE4A801269CE67C00D91FAD /* AccountSettingsView.swift */; };
		6DE4A804269CE69200D91FAD /* AppSettingsView.swift in Sources */ = {isa = PBXBuildFile; fileRef = 6DE4A803269CE69200D91FAD /* AppSettingsView.swift */; };
		6DE4A806269CE90400D91FAD /* AudioPlayerView.swift in Sources */ = {isa = PBXBuildFile; fileRef = 6DE4A805269CE90400D91FAD /* AudioPlayerView.swift */; };
		6DE4A810269D009A00D91FAD /* heavy_rain.mp3 in Resources */ = {isa = PBXBuildFile; fileRef = 6DE4A80F269D009A00D91FAD /* heavy_rain.mp3 */; };
		6DE4A816269D239600D91FAD /* AudioPlaybackControlsHelper.swift in Sources */ = {isa = PBXBuildFile; fileRef = 6DE4A815269D239600D91FAD /* AudioPlaybackControlsHelper.swift */; };
		6DE4A818269D2F9E00D91FAD /* AudioPauseControlsHelper.swift in Sources */ = {isa = PBXBuildFile; fileRef = 6DE4A817269D2F9E00D91FAD /* AudioPauseControlsHelper.swift */; };
/* End PBXBuildFile section */

/* Begin PBXFileReference section */
		6DE4A7E4269BAD9900D91FAD /* Ambiently.app */ = {isa = PBXFileReference; explicitFileType = wrapper.application; includeInIndex = 0; path = Ambiently.app; sourceTree = BUILT_PRODUCTS_DIR; };
		6DE4A7E7269BAD9900D91FAD /* AmbientlyApp.swift */ = {isa = PBXFileReference; lastKnownFileType = sourcecode.swift; path = AmbientlyApp.swift; sourceTree = "<group>"; };
		6DE4A7E9269BAD9900D91FAD /* ContentView.swift */ = {isa = PBXFileReference; lastKnownFileType = sourcecode.swift; path = ContentView.swift; sourceTree = "<group>"; };
		6DE4A7EB269BAD9B00D91FAD /* Assets.xcassets */ = {isa = PBXFileReference; lastKnownFileType = folder.assetcatalog; path = Assets.xcassets; sourceTree = "<group>"; };
		6DE4A7EE269BAD9B00D91FAD /* Preview Assets.xcassets */ = {isa = PBXFileReference; lastKnownFileType = folder.assetcatalog; path = "Preview Assets.xcassets"; sourceTree = "<group>"; };
		6DE4A7F0269BAD9B00D91FAD /* Info.plist */ = {isa = PBXFileReference; lastKnownFileType = text.plist.xml; path = Info.plist; sourceTree = "<group>"; };
		6DE4A7F7269CDFC500D91FAD /* RowView.swift */ = {isa = PBXFileReference; lastKnownFileType = sourcecode.swift; path = RowView.swift; sourceTree = "<group>"; };
		6DE4A7FA269CE00800D91FAD /* RowItemHelper.swift */ = {isa = PBXFileReference; lastKnownFileType = sourcecode.swift; path = RowItemHelper.swift; sourceTree = "<group>"; };
		6DE4A801269CE67C00D91FAD /* AccountSettingsView.swift */ = {isa = PBXFileReference; lastKnownFileType = sourcecode.swift; path = AccountSettingsView.swift; sourceTree = "<group>"; };
		6DE4A803269CE69200D91FAD /* AppSettingsView.swift */ = {isa = PBXFileReference; lastKnownFileType = sourcecode.swift; path = AppSettingsView.swift; sourceTree = "<group>"; };
		6DE4A805269CE90400D91FAD /* AudioPlayerView.swift */ = {isa = PBXFileReference; lastKnownFileType = sourcecode.swift; path = AudioPlayerView.swift; sourceTree = "<group>"; };
		6DE4A80F269D009A00D91FAD /* heavy_rain.mp3 */ = {isa = PBXFileReference; lastKnownFileType = audio.mp3; path = heavy_rain.mp3; sourceTree = "<group>"; };
		6DE4A815269D239600D91FAD /* AudioPlaybackControlsHelper.swift */ = {isa = PBXFileReference; lastKnownFileType = sourcecode.swift; path = AudioPlaybackControlsHelper.swift; sourceTree = "<group>"; };
		6DE4A817269D2F9E00D91FAD /* AudioPauseControlsHelper.swift */ = {isa = PBXFileReference; lastKnownFileType = sourcecode.swift; path = AudioPauseControlsHelper.swift; sourceTree = "<group>"; };
/* End PBXFileReference section */

/* Begin PBXFrameworksBuildPhase section */
		6DE4A7E1269BAD9900D91FAD /* Frameworks */ = {
			isa = PBXFrameworksBuildPhase;
			buildActionMask = 2147483647;
			files = (
				6DE4A800269CE06400D91FAD /* URLImage in Frameworks */,
				6DE4A7FE269CE06400D91FAD /* URLImageStore in Frameworks */,
			);
			runOnlyForDeploymentPostprocessing = 0;
		};
/* End PBXFrameworksBuildPhase section */

/* Begin PBXGroup section */
		6DE4A7DB269BAD9900D91FAD = {
			isa = PBXGroup;
			children = (
				6DE4A7E6269BAD9900D91FAD /* Ambiently */,
				6DE4A7E5269BAD9900D91FAD /* Products */,
			);
			sourceTree = "<group>";
		};
		6DE4A7E5269BAD9900D91FAD /* Products */ = {
			isa = PBXGroup;
			children = (
				6DE4A7E4269BAD9900D91FAD /* Ambiently.app */,
			);
			name = Products;
			sourceTree = "<group>";
		};
		6DE4A7E6269BAD9900D91FAD /* Ambiently */ = {
			isa = PBXGroup;
			children = (
				6DE4A7E7269BAD9900D91FAD /* AmbientlyApp.swift */,
				6DE4A7E9269BAD9900D91FAD /* ContentView.swift */,
				6DE4A7EB269BAD9B00D91FAD /* Assets.xcassets */,
				6DE4A7F6269CDFB400D91FAD /* Views */,
				6DE4A7F0269BAD9B00D91FAD /* Info.plist */,
				6DE4A807269CEDA300D91FAD /* Assets */,
				6DE4A7ED269BAD9B00D91FAD /* Preview Content */,
			);
			path = Ambiently;
			sourceTree = "<group>";
		};
		6DE4A7ED269BAD9B00D91FAD /* Preview Content */ = {
			isa = PBXGroup;
			children = (
				6DE4A7EE269BAD9B00D91FAD /* Preview Assets.xcassets */,
			);
			path = "Preview Content";
			sourceTree = "<group>";
		};
		6DE4A7F6269CDFB400D91FAD /* Views */ = {
			isa = PBXGroup;
			children = (
				6DE4A7F9269CDFFA00D91FAD /* Helpers */,
				6DE4A7F7269CDFC500D91FAD /* RowView.swift */,
				6DE4A801269CE67C00D91FAD /* AccountSettingsView.swift */,
				6DE4A805269CE90400D91FAD /* AudioPlayerView.swift */,
				6DE4A803269CE69200D91FAD /* AppSettingsView.swift */,
			);
			path = Views;
			sourceTree = "<group>";
		};
		6DE4A7F9269CDFFA00D91FAD /* Helpers */ = {
			isa = PBXGroup;
			children = (
				6DE4A7FA269CE00800D91FAD /* RowItemHelper.swift */,
				6DE4A815269D239600D91FAD /* AudioPlaybackControlsHelper.swift */,
				6DE4A817269D2F9E00D91FAD /* AudioPauseControlsHelper.swift */,
			);
			path = Helpers;
			sourceTree = "<group>";
		};
		6DE4A807269CEDA300D91FAD /* Assets */ = {
			isa = PBXGroup;
			children = (
				6DE4A80C269CEE8900D91FAD /* Audio */,
			);
			path = Assets;
			sourceTree = "<group>";
		};
		6DE4A80C269CEE8900D91FAD /* Audio */ = {
			isa = PBXGroup;
			children = (
				6DE4A80F269D009A00D91FAD /* heavy_rain.mp3 */,
			);
			path = Audio;
			sourceTree = "<group>";
		};
/* End PBXGroup section */

/* Begin PBXNativeTarget section */
		6DE4A7E3269BAD9900D91FAD /* Ambiently */ = {
			isa = PBXNativeTarget;
			buildConfigurationList = 6DE4A7F3269BAD9B00D91FAD /* Build configuration list for PBXNativeTarget "Ambiently" */;
			buildPhases = (
				6DE4A7E0269BAD9900D91FAD /* Sources */,
				6DE4A7E1269BAD9900D91FAD /* Frameworks */,
				6DE4A7E2269BAD9900D91FAD /* Resources */,
			);
			buildRules = (
			);
			dependencies = (
			);
			name = Ambiently;
			packageProductDependencies = (
				6DE4A7FD269CE06400D91FAD /* URLImageStore */,
				6DE4A7FF269CE06400D91FAD /* URLImage */,
			);
			productName = Ambiently;
			productReference = 6DE4A7E4269BAD9900D91FAD /* Ambiently.app */;
			productType = "com.apple.product-type.application";
		};
/* End PBXNativeTarget section */

/* Begin PBXProject section */
		6DE4A7DC269BAD9900D91FAD /* Project object */ = {
			isa = PBXProject;
			attributes = {
				LastSwiftUpdateCheck = 1250;
				LastUpgradeCheck = 1250;
				TargetAttributes = {
					6DE4A7E3269BAD9900D91FAD = {
						CreatedOnToolsVersion = 12.5;
					};
				};
			};
			buildConfigurationList = 6DE4A7DF269BAD9900D91FAD /* Build configuration list for PBXProject "Ambiently" */;
			compatibilityVersion = "Xcode 9.3";
			developmentRegion = en;
			hasScannedForEncodings = 0;
			knownRegions = (
				en,
				Base,
			);
			mainGroup = 6DE4A7DB269BAD9900D91FAD;
			packageReferences = (
				6DE4A7FC269CE06400D91FAD /* XCRemoteSwiftPackageReference "url-image" */,
			);
			productRefGroup = 6DE4A7E5269BAD9900D91FAD /* Products */;
			projectDirPath = "";
			projectRoot = "";
			targets = (
				6DE4A7E3269BAD9900D91FAD /* Ambiently */,
			);
		};
/* End PBXProject section */

/* Begin PBXResourcesBuildPhase section */
		6DE4A7E2269BAD9900D91FAD /* Resources */ = {
			isa = PBXResourcesBuildPhase;
			buildActionMask = 2147483647;
			files = (
				6DE4A7EF269BAD9B00D91FAD /* Preview Assets.xcassets in Resources */,
				6DE4A810269D009A00D91FAD /* heavy_rain.mp3 in Resources */,
				6DE4A7EC269BAD9B00D91FAD /* Assets.xcassets in Resources */,
			);
			runOnlyForDeploymentPostprocessing = 0;
		};
/* End PBXResourcesBuildPhase section */

/* Begin PBXSourcesBuildPhase section */
		6DE4A7E0269BAD9900D91FAD /* Sources */ = {
			isa = PBXSourcesBuildPhase;
			buildActionMask = 2147483647;
			files = (
				6DE4A806269CE90400D91FAD /* AudioPlayerView.swift in Sources */,
				6DE4A7EA269BAD9900D91FAD /* ContentView.swift in Sources */,
				6DE4A804269CE69200D91FAD /* AppSettingsView.swift in Sources */,
				6DE4A816269D239600D91FAD /* AudioPlaybackControlsHelper.swift in Sources */,
				6DE4A818269D2F9E00D91FAD /* AudioPauseControlsHelper.swift in Sources */,
				6DE4A7FB269CE00800D91FAD /* RowItemHelper.swift in Sources */,
				6DE4A7F8269CDFC500D91FAD /* RowView.swift in Sources */,
				6DE4A7E8269BAD9900D91FAD /* AmbientlyApp.swift in Sources */,
				6DE4A802269CE67C00D91FAD /* AccountSettingsView.swift in Sources */,
			);
			runOnlyForDeploymentPostprocessing = 0;
		};
/* End PBXSourcesBuildPhase section */

/* Begin XCBuildConfiguration section */
		6DE4A7F1269BAD9B00D91FAD /* Debug */ = {
			isa = XCBuildConfiguration;
			buildSettings = {
				ALWAYS_SEARCH_USER_PATHS = NO;
				CLANG_ANALYZER_NONNULL = YES;
				CLANG_ANALYZER_NUMBER_OBJECT_CONVERSION = YES_AGGRESSIVE;
				CLANG_CXX_LANGUAGE_STANDARD = "gnu++14";
				CLANG_CXX_LIBRARY = "libc++";
				CLANG_ENABLE_MODULES = YES;
				CLANG_ENABLE_OBJC_ARC = YES;
				CLANG_ENABLE_OBJC_WEAK = YES;
				CLANG_WARN_BLOCK_CAPTURE_AUTORELEASING = YES;
				CLANG_WARN_BOOL_CONVERSION = YES;
				CLANG_WARN_COMMA = YES;
				CLANG_WARN_CONSTANT_CONVERSION = YES;
				CLANG_WARN_DEPRECATED_OBJC_IMPLEMENTATIONS = YES;
				CLANG_WARN_DIRECT_OBJC_ISA_USAGE = YES_ERROR;
				CLANG_WARN_DOCUMENTATION_COMMENTS = YES;
				CLANG_WARN_EMPTY_BODY = YES;
				CLANG_WARN_ENUM_CONVERSION = YES;
				CLANG_WARN_INFINITE_RECURSION = YES;
				CLANG_WARN_INT_CONVERSION = YES;
				CLANG_WARN_NON_LITERAL_NULL_CONVERSION = YES;
				CLANG_WARN_OBJC_IMPLICIT_RETAIN_SELF = YES;
				CLANG_WARN_OBJC_LITERAL_CONVERSION = YES;
				CLANG_WARN_OBJC_ROOT_CLASS = YES_ERROR;
				CLANG_WARN_QUOTED_INCLUDE_IN_FRAMEWORK_HEADER = YES;
				CLANG_WARN_RANGE_LOOP_ANALYSIS = YES;
				CLANG_WARN_STRICT_PROTOTYPES = YES;
				CLANG_WARN_SUSPICIOUS_MOVE = YES;
				CLANG_WARN_UNGUARDED_AVAILABILITY = YES_AGGRESSIVE;
				CLANG_WARN_UNREACHABLE_CODE = YES;
				CLANG_WARN__DUPLICATE_METHOD_MATCH = YES;
				COPY_PHASE_STRIP = NO;
				DEBUG_INFORMATION_FORMAT = dwarf;
				ENABLE_STRICT_OBJC_MSGSEND = YES;
				ENABLE_TESTABILITY = YES;
				GCC_C_LANGUAGE_STANDARD = gnu11;
				GCC_DYNAMIC_NO_PIC = NO;
				GCC_NO_COMMON_BLOCKS = YES;
				GCC_OPTIMIZATION_LEVEL = 0;
				GCC_PREPROCESSOR_DEFINITIONS = (
					"DEBUG=1",
					"$(inherited)",
				);
				GCC_WARN_64_TO_32_BIT_CONVERSION = YES;
				GCC_WARN_ABOUT_RETURN_TYPE = YES_ERROR;
				GCC_WARN_UNDECLARED_SELECTOR = YES;
				GCC_WARN_UNINITIALIZED_AUTOS = YES_AGGRESSIVE;
				GCC_WARN_UNUSED_FUNCTION = YES;
				GCC_WARN_UNUSED_VARIABLE = YES;
				IPHONEOS_DEPLOYMENT_TARGET = 14.5;
				MTL_ENABLE_DEBUG_INFO = INCLUDE_SOURCE;
				MTL_FAST_MATH = YES;
				ONLY_ACTIVE_ARCH = YES;
				SDKROOT = iphoneos;
				SWIFT_ACTIVE_COMPILATION_CONDITIONS = DEBUG;
				SWIFT_OPTIMIZATION_LEVEL = "-Onone";
			};
			name = Debug;
		};
		6DE4A7F2269BAD9B00D91FAD /* Release */ = {
			isa = XCBuildConfiguration;
			buildSettings = {
				ALWAYS_SEARCH_USER_PATHS = NO;
				CLANG_ANALYZER_NONNULL = YES;
				CLANG_ANALYZER_NUMBER_OBJECT_CONVERSION = YES_AGGRESSIVE;
				CLANG_CXX_LANGUAGE_STANDARD = "gnu++14";
				CLANG_CXX_LIBRARY = "libc++";
				CLANG_ENABLE_MODULES = YES;
				CLANG_ENABLE_OBJC_ARC = YES;
				CLANG_ENABLE_OBJC_WEAK = YES;
				CLANG_WARN_BLOCK_CAPTURE_AUTORELEASING = YES;
				CLANG_WARN_BOOL_CONVERSION = YES;
				CLANG_WARN_COMMA = YES;
				CLANG_WARN_CONSTANT_CONVERSION = YES;
				CLANG_WARN_DEPRECATED_OBJC_IMPLEMENTATIONS = YES;
				CLANG_WARN_DIRECT_OBJC_ISA_USAGE = YES_ERROR;
				CLANG_WARN_DOCUMENTATION_COMMENTS = YES;
				CLANG_WARN_EMPTY_BODY = YES;
				CLANG_WARN_ENUM_CONVERSION = YES;
				CLANG_WARN_INFINITE_RECURSION = YES;
				CLANG_WARN_INT_CONVERSION = YES;
				CLANG_WARN_NON_LITERAL_NULL_CONVERSION = YES;
				CLANG_WARN_OBJC_IMPLICIT_RETAIN_SELF = YES;
				CLANG_WARN_OBJC_LITERAL_CONVERSION = YES;
				CLANG_WARN_OBJC_ROOT_CLASS = YES_ERROR;
				CLANG_WARN_QUOTED_INCLUDE_IN_FRAMEWORK_HEADER = YES;
				CLANG_WARN_RANGE_LOOP_ANALYSIS = YES;
				CLANG_WARN_STRICT_PROTOTYPES = YES;
				CLANG_WARN_SUSPICIOUS_MOVE = YES;
				CLANG_WARN_UNGUARDED_AVAILABILITY = YES_AGGRESSIVE;
				CLANG_WARN_UNREACHABLE_CODE = YES;
				CLANG_WARN__DUPLICATE_METHOD_MATCH = YES;
				COPY_PHASE_STRIP = NO;
				DEBUG_INFORMATION_FORMAT = "dwarf-with-dsym";
				ENABLE_NS_ASSERTIONS = NO;
				ENABLE_STRICT_OBJC_MSGSEND = YES;
				GCC_C_LANGUAGE_STANDARD = gnu11;
				GCC_NO_COMMON_BLOCKS = YES;
				GCC_WARN_64_TO_32_BIT_CONVERSION = YES;
				GCC_WARN_ABOUT_RETURN_TYPE = YES_ERROR;
				GCC_WARN_UNDECLARED_SELECTOR = YES;
				GCC_WARN_UNINITIALIZED_AUTOS = YES_AGGRESSIVE;
				GCC_WARN_UNUSED_FUNCTION = YES;
				GCC_WARN_UNUSED_VARIABLE = YES;
				IPHONEOS_DEPLOYMENT_TARGET = 14.5;
				MTL_ENABLE_DEBUG_INFO = NO;
				MTL_FAST_MATH = YES;
				SDKROOT = iphoneos;
				SWIFT_COMPILATION_MODE = wholemodule;
				SWIFT_OPTIMIZATION_LEVEL = "-O";
				VALIDATE_PRODUCT = YES;
			};
			name = Release;
		};
		6DE4A7F4269BAD9B00D91FAD /* Debug */ = {
			isa = XCBuildConfiguration;
			buildSettings = {
				ASSETCATALOG_COMPILER_APPICON_NAME = AppIcon;
				ASSETCATALOG_COMPILER_GLOBAL_ACCENT_COLOR_NAME = AccentColor;
				CODE_SIGN_STYLE = Automatic;
				DEVELOPMENT_ASSET_PATHS = "\"Ambiently/Preview Content\"";
				DEVELOPMENT_TEAM = 975ATGFF5G;
				ENABLE_PREVIEWS = YES;
				INFOPLIST_FILE = Ambiently/Info.plist;
				IPHONEOS_DEPLOYMENT_TARGET = 14.0;
				LD_RUNPATH_SEARCH_PATHS = (
					"$(inherited)",
					"@executable_path/Frameworks",
				);
				PRODUCT_BUNDLE_IDENTIFIER = net.alecw.apple.Ambiently;
				PRODUCT_NAME = "$(TARGET_NAME)";
				SWIFT_VERSION = 5.0;
				TARGETED_DEVICE_FAMILY = "1,2";
			};
			name = Debug;
		};
		6DE4A7F5269BAD9B00D91FAD /* Release */ = {
			isa = XCBuildConfiguration;
			buildSettings = {
				ASSETCATALOG_COMPILER_APPICON_NAME = AppIcon;
				ASSETCATALOG_COMPILER_GLOBAL_ACCENT_COLOR_NAME = AccentColor;
				CODE_SIGN_STYLE = Automatic;
				DEVELOPMENT_ASSET_PATHS = "\"Ambiently/Preview Content\"";
				DEVELOPMENT_TEAM = 975ATGFF5G;
				ENABLE_PREVIEWS = YES;
				INFOPLIST_FILE = Ambiently/Info.plist;
				IPHONEOS_DEPLOYMENT_TARGET = 14.0;
				LD_RUNPATH_SEARCH_PATHS = (
					"$(inherited)",
					"@executable_path/Frameworks",
				);
				PRODUCT_BUNDLE_IDENTIFIER = net.alecw.apple.Ambiently;
				PRODUCT_NAME = "$(TARGET_NAME)";
				SWIFT_VERSION = 5.0;
				TARGETED_DEVICE_FAMILY = "1,2";
			};
			name = Release;
		};
/* End XCBuildConfiguration section */

/* Begin XCConfigurationList section */
		6DE4A7DF269BAD9900D91FAD /* Build configuration list for PBXProject "Ambiently" */ = {
			isa = XCConfigurationList;
			buildConfigurations = (
				6DE4A7F1269BAD9B00D91FAD /* Debug */,
				6DE4A7F2269BAD9B00D91FAD /* Release */,
			);
			defaultConfigurationIsVisible = 0;
			defaultConfigurationName = Release;
		};
		6DE4A7F3269BAD9B00D91FAD /* Build configuration list for PBXNativeTarget "Ambiently" */ = {
			isa = XCConfigurationList;
			buildConfigurations = (
				6DE4A7F4269BAD9B00D91FAD /* Debug */,
				6DE4A7F5269BAD9B00D91FAD /* Release */,
			);
			defaultConfigurationIsVisible = 0;
			defaultConfigurationName = Release;
		};
/* End XCConfigurationList section */

/* Begin XCRemoteSwiftPackageReference section */
		6DE4A7FC269CE06400D91FAD /* XCRemoteSwiftPackageReference "url-image" */ = {
			isa = XCRemoteSwiftPackageReference;
			repositoryURL = "https://github.com/dmytro-anokhin/url-image";
			requirement = {
				kind = upToNextMajorVersion;
				minimumVersion = 3.1.0;
			};
		};
/* End XCRemoteSwiftPackageReference section */

/* Begin XCSwiftPackageProductDependency section */
		6DE4A7FD269CE06400D91FAD /* URLImageStore */ = {
			isa = XCSwiftPackageProductDependency;
			package = 6DE4A7FC269CE06400D91FAD /* XCRemoteSwiftPackageReference "url-image" */;
			productName = URLImageStore;
		};
		6DE4A7FF269CE06400D91FAD /* URLImage */ = {
			isa = XCSwiftPackageProductDependency;
			package = 6DE4A7FC269CE06400D91FAD /* XCRemoteSwiftPackageReference "url-image" */;
			productName = URLImage;
		};
/* End XCSwiftPackageProductDependency section */
	};
	rootObject = 6DE4A7DC269BAD9900D91FAD /* Project object */;
}
